
Microsoft Visual Studio Solution File, Format Version 12.00
# Visual Studio Version 16
VisualStudioVersion = 16.0.30002.166
MinimumVisualStudioVersion = 10.0.40219.1
Project("{9A19103F-16F7-4668-BE54-9A1E7A4F7556}") = "Aplicando_Principios_SOLID1", "Aplicando_Principios_SOLID1\Aplicando_Principios_SOLID1.csproj", "{BB8C5332-9A88-4A8F-87AD-B79A0B190262}"
EndProject
Project("{9A19103F-16F7-4668-BE54-9A1E7A4F7556}") = "cursoFoop_Exercicio_SOLID1", "..\Projeto_Exercicio1\cursoFoop_Exercicio_SOLID1\cursoFoop_Exercicio_SOLID1\cursoFoop_Exercicio_SOLID1.csproj", "{2266B67E-3EBC-4EBA-B03E-0CD559923BC3}"
EndProject
Global
	GlobalSection(SolutionConfigurationPlatforms) = preSolution
		Debug|Any CPU = Debug|Any CPU
		Release|Any CPU = Release|Any CPU
	EndGlobalSection
	GlobalSection(ProjectConfigurationPlatforms) = postSolution
		{BB8C5332-9A88-4A8F-87AD-B79A0B190262}.Debug|Any CPU.ActiveCfg = Debug|Any CPU
		{BB8C5332-9A88-4A8F-87AD-B79A0B190262}.Debug|Any CPU.Build.0 = Debug|Any CPU
		{BB8C5332-9A88-4A8F-87AD-B79A0B190262}.Release|Any CPU.ActiveCfg = Release|Any CPU
		{BB8C5332-9A88-4A8F-87AD-B79A0B190262}.Release|Any CPU.Build.0 = Release|Any CPU
		{2266B67E-3EBC-4EBA-B03E-0CD559923BC3}.Debug|Any CPU.ActiveCfg = Debug|Any CPU
		{2266B67E-3EBC-4EBA-B03E-0CD559923BC3}.Debug|Any CPU.Build.0 = Debug|Any CPU
		{2266B67E-3EBC-4EBA-B03E-0CD559923BC3}.Release|Any CPU.ActiveCfg = Release|Any CPU
		{2266B67E-3EBC-4EBA-B03E-0CD559923BC3}.Release|Any CPU.Build.0 = Release|Any CPU
	EndGlobalSection
	GlobalSection(SolutionProperties) = preSolution
		HideSolutionNode = FALSE
	EndGlobalSection
	GlobalSection(ExtensibilityGlobals) = postSolution
		SolutionGuid = {16CE376D-62F0-4EAD-80A8-7205BDC867B0}
	EndGlobalSection
EndGlobal
